
Microsoft Visual Studio Solution File, Format Version 12.00
# Visual Studio Version 16
VisualStudioVersion = 16.0.31112.23
MinimumVisualStudioVersion = 10.0.40219.1
Project("{FAE04EC0-301F-11D3-BF4B-00C04F79EFBC}") = "WPF_BattagliaIV", "WPF_BattagliaIV\WPF_BattagliaIV.csproj", "{A0066493-D881-4D5E-97FE-5451643F8B56}"
EndProject
Global
	GlobalSection(SolutionConfigurationPlatforms) = preSolution
		Debug|Any CPU = Debug|Any CPU
		Release|Any CPU = Release|Any CPU
	EndGlobalSection
	GlobalSection(ProjectConfigurationPlatforms) = postSolution
		{A0066493-D881-4D5E-97FE-5451643F8B56}.Debug|Any CPU.ActiveCfg = Debug|Any CPU
		{A0066493-D881-4D5E-97FE-5451643F8B56}.Debug|Any CPU.Build.0 = Debug|Any CPU
		{A0066493-D881-4D5E-97FE-5451643F8B56}.Release|Any CPU.ActiveCfg = Release|Any CPU
		{A0066493-D881-4D5E-97FE-5451643F8B56}.Release|Any CPU.Build.0 = Release|Any CPU
	EndGlobalSection
	GlobalSection(SolutionProperties) = preSolution
		HideSolutionNode = FALSE
	EndGlobalSection
	GlobalSection(ExtensibilityGlobals) = postSolution
		SolutionGuid = {FF09715A-F340-46DF-A5F7-57E3D57202B0}
	EndGlobalSection
EndGlobal
